
Microsoft Visual Studio Solution File, Format Version 12.00
# Visual Studio 2013
VisualStudioVersion = 12.0.21005.1
MinimumVisualStudioVersion = 10.0.40219.1
Project("{FAE04EC0-301F-11D3-BF4B-00C04F79EFBC}") = "uni_project_yourname", "uni_project_yourname\uni_project_yourname.csproj", "{A190CD75-12A6-4FDF-8815-79E21145C73E}"
EndProject
Global
	GlobalSection(SolutionConfigurationPlatforms) = preSolution
		Debug|Any CPU = Debug|Any CPU
		Release|Any CPU = Release|Any CPU
	EndGlobalSection
	GlobalSection(ProjectConfigurationPlatforms) = postSolution
		{A190CD75-12A6-4FDF-8815-79E21145C73E}.Debug|Any CPU.ActiveCfg = Debug|Any CPU
		{A190CD75-12A6-4FDF-8815-79E21145C73E}.Debug|Any CPU.Build.0 = Debug|Any CPU
		{A190CD75-12A6-4FDF-8815-79E21145C73E}.Release|Any CPU.ActiveCfg = Release|Any CPU
		{A190CD75-12A6-4FDF-8815-79E21145C73E}.Release|Any CPU.Build.0 = Release|Any CPU
	EndGlobalSection
	GlobalSection(SolutionProperties) = preSolution
		HideSolutionNode = FALSE
	EndGlobalSection
EndGlobal
